PODS:
  - AFNetworking (3.1.0):
    - AFNetworking/NSURLSession (= 3.1.0)
    - AFNetworking/Reachability (= 3.1.0)
    - AFNetworking/Security (= 3.1.0)
    - AFNetworking/Serialization (= 3.1.0)
    - AFNetworking/UIKit (= 3.1.0)
  - AFNetworking/NSURLSession (3.1.0):
    - AFNetworking/Reachability
    - AFNetworking/Security
    - AFNetworking/Serialization
  - AFNetworking/Reachability (3.1.0)
  - AFNetworking/Security (3.1.0)
  - AFNetworking/Serialization (3.1.0)
  - AFNetworking/UIKit (3.1.0):
    - AFNetworking/NSURLSession
  - CocoaSecurity (1.2.4)
  - CommonIOSAd (0.1.4):
    - CommonIOSCore (~> 0.0.3)
  - CommonIOSComponentManager (0.0.5)
  - CommonIOSCore (0.0.3)
  - CommonIOSNetworking (0.1.5):
    - AFNetworking
    - CocoaSecurity
    - MBProgressHUD
  - CommonIOSRootPage (0.1.11)
  - Masonry (0.6.4)
  - MBProgressHUD (0.9.2)
  - MJRefresh (2.4.12)
  - SDWebImage (3.8.2):
    - SDWebImage/Core (= 3.8.2)
  - SDWebImage/Core (3.8.2)
  - UIAlertView+Blocks (0.9)

DEPENDENCIES:
  - AFNetworking (= 3.1.0)
  - CocoaSecurity (~> 1.2)
  - CommonIOSAd (~> 0.1.0)
  - CommonIOSComponentManager (~> 0.0.1)
  - CommonIOSCore (~> 0.0.1)
  - CommonIOSNetworking (~> 0.1.1)
  - CommonIOSRootPage (~> 0.1.0)
  - Masonry (~> 0.6.2)
  - MBProgressHUD (~> 0.9.1)
  - MJRefresh (~> 2.4.7)
  - SDWebImage (~> 3.6)
  - UIAlertView+Blocks

SPEC CHECKSUMS:
  AFNetworking: 5e0e199f73d8626b11e79750991f5d173d1f8b67
  CocoaSecurity: d288a6f87e0f363823d2cb83e753814a6944f71a
  CommonIOSAd: 5c49130306eb24f1cd66549e4b47144efd2b1ed5
  CommonIOSComponentManager: 3da832b204686fb45535fb7dde583fd9aea9799a
  CommonIOSCore: 6dc8a80be5d438b4edc3d1e400e941cdb287c102
  CommonIOSNetworking: 69dc3ab7a38d6b51f8e40475fdae52ff12e41906
  CommonIOSRootPage: b8f7417fa61edd8c79f8af11d3ebe880132dbd8d
  Masonry: 281802d04d787ea2973179ee8bcb50500579ede2
  MBProgressHUD: 1569cf7ace17a8bac47aabfbb8580a49690386d1
  MJRefresh: ca8e9589895977df32d379d46e6b8a5450b3ff44
  SDWebImage: 098e97e6176540799c27e804c96653ee0833d13c
  UIAlertView+Blocks: a46c99c5144f6c5dbc7d62fd2a0678daceec89a3

PODFILE CHECKSUM: 719c1cf67ecbb6fb94e126d8ae45a386812241e2

COCOAPODS: 1.1.1
